// !$*UTF8*$!
{
	archiveVersion = 1;
	classes = {
	};
	objectVersion = 46;
	objects = {

/* Begin PBXBuildFile section */
		A08D750F16AB138E00AD22B7 /* SharingActivity.m in Sources */ = {isa = PBXBuildFile; fileRef = A08D750E16AB138E00AD22B7 /* SharingActivity.m */; };
		A08D751816AB529400AD22B7 /* AssetsLibrary.framework in Frameworks */ = {isa = PBXBuildFile; fileRef = A08D751716AB529400AD22B7 /* AssetsLibrary.framework */; };
		A091648D16ABCC73009FBF5F /* ALAssetsLibrary+CustomPhotoAlbum.m in Sources */ = {isa = PBXBuildFile; fileRef = A091648C16ABCC73009FBF5F /* ALAssetsLibrary+CustomPhotoAlbum.m */; };
		A091649016AC6563009FBF5F /* FoodieListViewController.m in Sources */ = {isa = PBXBuildFile; fileRef = A091648F16AC6563009FBF5F /* FoodieListViewController.m */; };
		A091649816AC81FD009FBF5F /* settings.png in Resources */ = {isa = PBXBuildFile; fileRef = A091649216AC81FD009FBF5F /* settings.png */; };
		A091649916AC81FD009FBF5F /* setttings@2x.png in Resources */ = {isa = PBXBuildFile; fileRef = A091649316AC81FD009FBF5F /* setttings@2x.png */; };
		A091649A16AC81FD009FBF5F /* statistics.png in Resources */ = {isa = PBXBuildFile; fileRef = A091649416AC81FD009FBF5F /* statistics.png */; };
		A091649B16AC81FD009FBF5F /* statistics@2x.png in Resources */ = {isa = PBXBuildFile; fileRef = A091649516AC81FD009FBF5F /* statistics@2x.png */; };
		A091649C16AC81FD009FBF5F /* home.png in Resources */ = {isa = PBXBuildFile; fileRef = A091649616AC81FD009FBF5F /* home.png */; };
		A091649D16AC81FD009FBF5F /* home@2x.png in Resources */ = {isa = PBXBuildFile; fileRef = A091649716AC81FD009FBF5F /* home@2x.png */; };
		A09164A016AC82BE009FBF5F /* foodielist.png in Resources */ = {isa = PBXBuildFile; fileRef = A091649E16AC82BE009FBF5F /* foodielist.png */; };
		A09164A316AC83C2009FBF5F /* foodielist@2x.png in Resources */ = {isa = PBXBuildFile; fileRef = A09164A216AC83C2009FBF5F /* foodielist@2x.png */; };
		A09164A916AC8FBB009FBF5F /* tabbar_selection.png in Resources */ = {isa = PBXBuildFile; fileRef = A09164A716AC8FBB009FBF5F /* tabbar_selection.png */; };
		A09164AA16AC8FBB009FBF5F /* tabbar_bg.png in Resources */ = {isa = PBXBuildFile; fileRef = A09164A816AC8FBB009FBF5F /* tabbar_bg.png */; };
		A09164AD16AC9306009FBF5F /* search.png in Resources */ = {isa = PBXBuildFile; fileRef = A09164AB16AC9305009FBF5F /* search.png */; };
		A09164AE16AC9306009FBF5F /* search@2x.png in Resources */ = {isa = PBXBuildFile; fileRef = A09164AC16AC9305009FBF5F /* search@2x.png */; };
		A09164B116ACAA65009FBF5F /* FoodieListCell.m in Sources */ = {isa = PBXBuildFile; fileRef = A09164B016ACAA64009FBF5F /* FoodieListCell.m */; };
		A093F19E16A7FEFC00EFF4BD /* UIKit.framework in Frameworks */ = {isa = PBXBuildFile; fileRef = A093F19D16A7FEFC00EFF4BD /* UIKit.framework */; };
		A093F1A016A7FEFC00EFF4BD /* Foundation.framework in Frameworks */ = {isa = PBXBuildFile; fileRef = A093F19F16A7FEFC00EFF4BD /* Foundation.framework */; };
		A093F1A216A7FEFC00EFF4BD /* CoreGraphics.framework in Frameworks */ = {isa = PBXBuildFile; fileRef = A093F1A116A7FEFC00EFF4BD /* CoreGraphics.framework */; };
		A093F1A816A7FEFC00EFF4BD /* InfoPlist.strings in Resources */ = {isa = PBXBuildFile; fileRef = A093F1A616A7FEFC00EFF4BD /* InfoPlist.strings */; };
		A093F1AA16A7FEFC00EFF4BD /* main.m in Sources */ = {isa = PBXBuildFile; fileRef = A093F1A916A7FEFC00EFF4BD /* main.m */; };
		A093F1AE16A7FEFC00EFF4BD /* AppDelegate.m in Sources */ = {isa = PBXBuildFile; fileRef = A093F1AD16A7FEFC00EFF4BD /* AppDelegate.m */; };
		A093F1B016A7FEFC00EFF4BD /* Default.png in Resources */ = {isa = PBXBuildFile; fileRef = A093F1AF16A7FEFC00EFF4BD /* Default.png */; };
		A093F1B216A7FEFC00EFF4BD /* Default@2x.png in Resources */ = {isa = PBXBuildFile; fileRef = A093F1B116A7FEFC00EFF4BD /* Default@2x.png */; };
		A093F1B416A7FEFC00EFF4BD /* Default-568h@2x.png in Resources */ = {isa = PBXBuildFile; fileRef = A093F1B316A7FEFC00EFF4BD /* Default-568h@2x.png */; };
		A093F1B716A7FEFC00EFF4BD /* MainStoryboard.storyboard in Resources */ = {isa = PBXBuildFile; fileRef = A093F1B516A7FEFC00EFF4BD /* MainStoryboard.storyboard */; };
		A093F1BA16A7FEFC00EFF4BD /* FirstViewController.m in Sources */ = {isa = PBXBuildFile; fileRef = A093F1B916A7FEFC00EFF4BD /* FirstViewController.m */; };
		A093F1BC16A7FEFC00EFF4BD /* first.png in Resources */ = {isa = PBXBuildFile; fileRef = A093F1BB16A7FEFC00EFF4BD /* first.png */; };
		A093F1BE16A7FEFC00EFF4BD /* first@2x.png in Resources */ = {isa = PBXBuildFile; fileRef = A093F1BD16A7FEFC00EFF4BD /* first@2x.png */; };
		A093F1C116A7FEFC00EFF4BD /* SecondViewController.m in Sources */ = {isa = PBXBuildFile; fileRef = A093F1C016A7FEFC00EFF4BD /* SecondViewController.m */; };
		A093F1C316A7FEFC00EFF4BD /* second.png in Resources */ = {isa = PBXBuildFile; fileRef = A093F1C216A7FEFC00EFF4BD /* second.png */; };
		A093F1C516A7FEFC00EFF4BD /* second@2x.png in Resources */ = {isa = PBXBuildFile; fileRef = A093F1C416A7FEFC00EFF4BD /* second@2x.png */; };
		A093F1DC16A80FCF00EFF4BD /* fancyModel.xcdatamodeld in Sources */ = {isa = PBXBuildFile; fileRef = A093F1DA16A80FCF00EFF4BD /* fancyModel.xcdatamodeld */; };
		A093F1E116A810C400EFF4BD /* CoreData.framework in Frameworks */ = {isa = PBXBuildFile; fileRef = A093F1E016A810C400EFF4BD /* CoreData.framework */; };
		A093F1E316A810CA00EFF4BD /* CoreLocation.framework in Frameworks */ = {isa = PBXBuildFile; fileRef = A093F1E216A810CA00EFF4BD /* CoreLocation.framework */; };
		A093F1E516A8A54600EFF4BD /* MobileCoreServices.framework in Frameworks */ = {isa = PBXBuildFile; fileRef = A093F1E416A8A54600EFF4BD /* MobileCoreServices.framework */; };
		A0A0372116D04C74004FD29E /* fancy.png in Resources */ = {isa = PBXBuildFile; fileRef = A0A0372016D04C74004FD29E /* fancy.png */; };
		A0A0372316D04C7C004FD29E /* fancy@2X.png in Resources */ = {isa = PBXBuildFile; fileRef = A0A0372216D04C7C004FD29E /* fancy@2X.png */; };
		A0A0373516D05C7D004FD29E /* Tag.m in Sources */ = {isa = PBXBuildFile; fileRef = A0A0373416D05C7D004FD29E /* Tag.m */; };
		A0A0373816D05C7F004FD29E /* Events.m in Sources */ = {isa = PBXBuildFile; fileRef = A0A0373716D05C7F004FD29E /* Events.m */; };
		A0A0373B16D05C7F004FD29E /* PhotoBlob.m in Sources */ = {isa = PBXBuildFile; fileRef = A0A0373A16D05C7F004FD29E /* PhotoBlob.m */; };
		A0A0374516D071FF004FD29E /* README in Resources */ = {isa = PBXBuildFile; fileRef = A0A0374416D071FF004FD29E /* README */; };
		A0A0375016D0728B004FD29E /* SVProgressHUD.bundle in Resources */ = {isa = PBXBuildFile; fileRef = A0A0374D16D0728B004FD29E /* SVProgressHUD.bundle */; };
		A0A0375116D0728B004FD29E /* SVProgressHUD.m in Sources */ = {isa = PBXBuildFile; fileRef = A0A0374F16D0728B004FD29E /* SVProgressHUD.m */; };
		A0A0375316D07448004FD29E /* QuartzCore.framework in Frameworks */ = {isa = PBXBuildFile; fileRef = A0A0375216D07448004FD29E /* QuartzCore.framework */; };
		A0A0375916D0A10E004FD29E /* HomeViewController.m in Sources */ = {isa = PBXBuildFile; fileRef = A0A0375816D0A10E004FD29E /* HomeViewController.m */; };
		A0E852BE16AF063100976786 /* location.png in Resources */ = {isa = PBXBuildFile; fileRef = A0E852BC16AF063100976786 /* location.png */; };
		A0E852BF16AF063100976786 /* location@2x.png in Resources */ = {isa = PBXBuildFile; fileRef = A0E852BD16AF063100976786 /* location@2x.png */; };
		A0E852C316AF088E00976786 /* photo_frame.png in Resources */ = {isa = PBXBuildFile; fileRef = A0E852C116AF088E00976786 /* photo_frame.png */; };
		A0E852C416AF088E00976786 /* photo_frame@2x.png in Resources */ = {isa = PBXBuildFile; fileRef = A0E852C216AF088E00976786 /* photo_frame@2x.png */; };
		A0E852C716AF101F00976786 /* FoodieDetailViewController.m in Sources */ = {isa = PBXBuildFile; fileRef = A0E852C616AF101F00976786 /* FoodieDetailViewController.m */; };
		A0E852CA16AF20C300976786 /* creme_brelee.jpg in Resources */ = {isa = PBXBuildFile; fileRef = A0E852C916AF20C300976786 /* creme_brelee.jpg */; };
		A0E852CD16AF2A1900976786 /* Event.m in Sources */ = {isa = PBXBuildFile; fileRef = A0E852CC16AF2A1900976786 /* Event.m */; };
		A0E852D016AF350400976786 /* Configs.m in Sources */ = {isa = PBXBuildFile; fileRef = A0E852CF16AF350300976786 /* Configs.m */; };
		A0E852D416AF386A00976786 /* SettingsViewController.m in Sources */ = {isa = PBXBuildFile; fileRef = A0E852D316AF386900976786 /* SettingsViewController.m */; };
		A0E852E416AF44A100976786 /* cell_bottom.png in Resources */ = {isa = PBXBuildFile; fileRef = A0E852DB16AF44A100976786 /* cell_bottom.png */; };
		A0E852E516AF44A100976786 /* cell_bottom@2x.png in Resources */ = {isa = PBXBuildFile; fileRef = A0E852DC16AF44A100976786 /* cell_bottom@2x.png */; };
		A0E852E616AF44A100976786 /* cell_middle.png in Resources */ = {isa = PBXBuildFile; fileRef = A0E852DD16AF44A100976786 /* cell_middle.png */; };
		A0E852E716AF44A100976786 /* cell_middle@2x.png in Resources */ = {isa = PBXBuildFile; fileRef = A0E852DE16AF44A100976786 /* cell_middle@2x.png */; };
		A0E852E816AF44A100976786 /* cell_top_tile.png in Resources */ = {isa = PBXBuildFile; fileRef = A0E852DF16AF44A100976786 /* cell_top_tile.png */; };
		A0E852E916AF44A100976786 /* cell_top.png in Resources */ = {isa = PBXBuildFile; fileRef = A0E852E016AF44A100976786 /* cell_top.png */; };
		A0E852EA16AF44A100976786 /* cell_top@2x.png in Resources */ = {isa = PBXBuildFile; fileRef = A0E852E116AF44A100976786 /* cell_top@2x.png */; };
		A0E852EB16AF44A100976786 /* common_bg.png in Resources */ = {isa = PBXBuildFile; fileRef = A0E852E216AF44A100976786 /* common_bg.png */; };
		A0E852EC16AF44A100976786 /* common_bg@2x.png in Resources */ = {isa = PBXBuildFile; fileRef = A0E852E316AF44A100976786 /* common_bg@2x.png */; };
		A0E852EE16AF4D9200976786 /* MapKit.framework in Frameworks */ = {isa = PBXBuildFile; fileRef = A0E852ED16AF4D9100976786 /* MapKit.framework */; };
		A0E852F116AF4EA400976786 /* SearchViewController.m in Sources */ = {isa = PBXBuildFile; fileRef = A0E852F016AF4EA300976786 /* SearchViewController.m */; };
/* End PBXBuildFile section */

/* Begin PBXFileReference section */
		A08D750D16AB138E00AD22B7 /* SharingActivity.h */ = {isa = PBXFileReference; fileEncoding = 4; lastKnownFileType = sourcecode.c.h; path = SharingActivity.h; sourceTree = "<group>"; };
		A08D750E16AB138E00AD22B7 /* SharingActivity.m */ = {isa = PBXFileReference; fileEncoding = 4; lastKnownFileType = sourcecode.c.objc; path = SharingActivity.m; sourceTree = "<group>"; };
		A08D751716AB529400AD22B7 /* AssetsLibrary.framework */ = {isa = PBXFileReference; lastKnownFileType = wrapper.framework; name = AssetsLibrary.framework; path = System/Library/Frameworks/AssetsLibrary.framework; sourceTree = SDKROOT; };
		A091648B16ABCC73009FBF5F /* ALAssetsLibrary+CustomPhotoAlbum.h */ = {isa = PBXFileReference; fileEncoding = 4; lastKnownFileType = sourcecode.c.h; name = "ALAssetsLibrary+CustomPhotoAlbum.h"; path = "Util/ALAssetsLibrary+CustomPhotoAlbum.h"; sourceTree = "<group>"; };
		A091648C16ABCC73009FBF5F /* ALAssetsLibrary+CustomPhotoAlbum.m */ = {isa = PBXFileReference; fileEncoding = 4; lastKnownFileType = sourcecode.c.objc; name = "ALAssetsLibrary+CustomPhotoAlbum.m"; path = "Util/ALAssetsLibrary+CustomPhotoAlbum.m"; sourceTree = "<group>"; };
		A091648E16AC6563009FBF5F /* FoodieListViewController.h */ = {isa = PBXFileReference; fileEncoding = 4; lastKnownFileType = sourcecode.c.h; path = FoodieListViewController.h; sourceTree = "<group>"; };
		A091648F16AC6563009FBF5F /* FoodieListViewController.m */ = {isa = PBXFileReference; fileEncoding = 4; lastKnownFileType = sourcecode.c.objc; path = FoodieListViewController.m; sourceTree = "<group>"; };
		A091649216AC81FD009FBF5F /* settings.png */ = {isa = PBXFileReference; lastKnownFileType = image.png; path = settings.png; sourceTree = "<group>"; };
		A091649316AC81FD009FBF5F /* setttings@2x.png */ = {isa = PBXFileReference; lastKnownFileType = image.png; path = "setttings@2x.png"; sourceTree = "<group>"; };
		A091649416AC81FD009FBF5F /* statistics.png */ = {isa = PBXFileReference; lastKnownFileType = image.png; path = statistics.png; sourceTree = "<group>"; };
		A091649516AC81FD009FBF5F /* statistics@2x.png */ = {isa = PBXFileReference; lastKnownFileType = image.png; path = "statistics@2x.png"; sourceTree = "<group>"; };
		A091649616AC81FD009FBF5F /* home.png */ = {isa = PBXFileReference; lastKnownFileType = image.png; path = home.png; sourceTree = "<group>"; };
		A091649716AC81FD009FBF5F /* home@2x.png */ = {isa = PBXFileReference; lastKnownFileType = image.png; path = "home@2x.png"; sourceTree = "<group>"; };
		A091649E16AC82BE009FBF5F /* foodielist.png */ = {isa = PBXFileReference; lastKnownFileType = image.png; path = foodielist.png; sourceTree = "<group>"; };
		A09164A216AC83C2009FBF5F /* foodielist@2x.png */ = {isa = PBXFileReference; lastKnownFileType = image.png; path = "foodielist@2x.png"; sourceTree = "<group>"; };
		A09164A416AC85CD009FBF5F /* Utility.h */ = {isa = PBXFileReference; fileEncoding = 4; lastKnownFileType = sourcecode.c.h; name = Utility.h; path = Util/Utility.h; sourceTree = "<group>"; };
		A09164A716AC8FBB009FBF5F /* tabbar_selection.png */ = {isa = PBXFileReference; lastKnownFileType = image.png; path = tabbar_selection.png; sourceTree = "<group>"; };
		A09164A816AC8FBB009FBF5F /* tabbar_bg.png */ = {isa = PBXFileReference; lastKnownFileType = image.png; path = tabbar_bg.png; sourceTree = "<group>"; };
		A09164AB16AC9305009FBF5F /* search.png */ = {isa = PBXFileReference; lastKnownFileType = image.png; path = search.png; sourceTree = "<group>"; };
		A09164AC16AC9305009FBF5F /* search@2x.png */ = {isa = PBXFileReference; lastKnownFileType = image.png; path = "search@2x.png"; sourceTree = "<group>"; };
		A09164AF16ACAA64009FBF5F /* FoodieListCell.h */ = {isa = PBXFileReference; fileEncoding = 4; lastKnownFileType = sourcecode.c.h; path = FoodieListCell.h; sourceTree = "<group>"; };
		A09164B016ACAA64009FBF5F /* FoodieListCell.m */ = {isa = PBXFileReference; fileEncoding = 4; lastKnownFileType = sourcecode.c.objc; path = FoodieListCell.m; sourceTree = "<group>"; };
		A093F19916A7FEFC00EFF4BD /* Fancy.app */ = {isa = PBXFileReference; explicitFileType = wrapper.application; includeInIndex = 0; path = Fancy.app; sourceTree = BUILT_PRODUCTS_DIR; };
		A093F19D16A7FEFC00EFF4BD /* UIKit.framework */ = {isa = PBXFileReference; lastKnownFileType = wrapper.framework; name = UIKit.framework; path = System/Library/Frameworks/UIKit.framework; sourceTree = SDKROOT; };
		A093F19F16A7FEFC00EFF4BD /* Foundation.framework */ = {isa = PBXFileReference; lastKnownFileType = wrapper.framework; name = Foundation.framework; path = System/Library/Frameworks/Foundation.framework; sourceTree = SDKROOT; };
		A093F1A116A7FEFC00EFF4BD /* CoreGraphics.framework */ = {isa = PBXFileReference; lastKnownFileType = wrapper.framework; name = CoreGraphics.framework; path = System/Library/Frameworks/CoreGraphics.framework; sourceTree = SDKROOT; };
		A093F1A516A7FEFC00EFF4BD /* fancy-Info.plist */ = {isa = PBXFileReference; lastKnownFileType = text.plist.xml; path = "fancy-Info.plist"; sourceTree = "<group>"; };
		A093F1A716A7FEFC00EFF4BD /* en */ = {isa = PBXFileReference; lastKnownFileType = text.plist.strings; name = en; path = en.lproj/InfoPlist.strings; sourceTree = "<group>"; };
		A093F1A916A7FEFC00EFF4BD /* main.m */ = {isa = PBXFileReference; lastKnownFileType = sourcecode.c.objc; path = main.m; sourceTree = "<group>"; };
		A093F1AB16A7FEFC00EFF4BD /* fancy-Prefix.pch */ = {isa = PBXFileReference; lastKnownFileType = sourcecode.c.h; path = "fancy-Prefix.pch"; sourceTree = "<group>"; };
		A093F1AC16A7FEFC00EFF4BD /* AppDelegate.h */ = {isa = PBXFileReference; lastKnownFileType = sourcecode.c.h; path = AppDelegate.h; sourceTree = "<group>"; };
		A093F1AD16A7FEFC00EFF4BD /* AppDelegate.m */ = {isa = PBXFileReference; lastKnownFileType = sourcecode.c.objc; path = AppDelegate.m; sourceTree = "<group>"; };
		A093F1AF16A7FEFC00EFF4BD /* Default.png */ = {isa = PBXFileReference; lastKnownFileType = image.png; path = Default.png; sourceTree = "<group>"; };
		A093F1B116A7FEFC00EFF4BD /* Default@2x.png */ = {isa = PBXFileReference; lastKnownFileType = image.png; path = "Default@2x.png"; sourceTree = "<group>"; };
		A093F1B316A7FEFC00EFF4BD /* Default-568h@2x.png */ = {isa = PBXFileReference; lastKnownFileType = image.png; path = "Default-568h@2x.png"; sourceTree = "<group>"; };
		A093F1B616A7FEFC00EFF4BD /* en */ = {isa = PBXFileReference; lastKnownFileType = file.storyboard; name = en; path = en.lproj/MainStoryboard.storyboard; sourceTree = "<group>"; };
		A093F1B816A7FEFC00EFF4BD /* FirstViewController.h */ = {isa = PBXFileReference; lastKnownFileType = sourcecode.c.h; path = FirstViewController.h; sourceTree = "<group>"; };
		A093F1B916A7FEFC00EFF4BD /* FirstViewController.m */ = {isa = PBXFileReference; lastKnownFileType = sourcecode.c.objc; path = FirstViewController.m; sourceTree = "<group>"; };
		A093F1BB16A7FEFC00EFF4BD /* first.png */ = {isa = PBXFileReference; lastKnownFileType = image.png; path = first.png; sourceTree = "<group>"; };
		A093F1BD16A7FEFC00EFF4BD /* first@2x.png */ = {isa = PBXFileReference; lastKnownFileType = image.png; path = "first@2x.png"; sourceTree = "<group>"; };
		A093F1BF16A7FEFC00EFF4BD /* SecondViewController.h */ = {isa = PBXFileReference; lastKnownFileType = sourcecode.c.h; path = SecondViewController.h; sourceTree = "<group>"; };
		A093F1C016A7FEFC00EFF4BD /* SecondViewController.m */ = {isa = PBXFileReference; lastKnownFileType = sourcecode.c.objc; path = SecondViewController.m; sourceTree = "<group>"; };
		A093F1C216A7FEFC00EFF4BD /* second.png */ = {isa = PBXFileReference; lastKnownFileType = image.png; path = second.png; sourceTree = "<group>"; };
		A093F1C416A7FEFC00EFF4BD /* second@2x.png */ = {isa = PBXFileReference; lastKnownFileType = image.png; path = "second@2x.png"; sourceTree = "<group>"; };
		A093F1D716A80B0200EFF4BD /* HomeViewController.h */ = {isa = PBXFileReference; fileEncoding = 4; lastKnownFileType = sourcecode.c.h; path = HomeViewController.h; sourceTree = "<group>"; };
		A093F1DB16A80FCF00EFF4BD /* fancyModel.xcdatamodel */ = {isa = PBXFileReference; lastKnownFileType = wrapper.xcdatamodel; path = fancyModel.xcdatamodel; sourceTree = "<group>"; };
		A093F1E016A810C400EFF4BD /* CoreData.framework */ = {isa = PBXFileReference; lastKnownFileType = wrapper.framework; name = CoreData.framework; path = System/Library/Frameworks/CoreData.framework; sourceTree = SDKROOT; };
		A093F1E216A810CA00EFF4BD /* CoreLocation.framework */ = {isa = PBXFileReference; lastKnownFileType = wrapper.framework; name = CoreLocation.framework; path = System/Library/Frameworks/CoreLocation.framework; sourceTree = SDKROOT; };
		A093F1E416A8A54600EFF4BD /* MobileCoreServices.framework */ = {isa = PBXFileReference; lastKnownFileType = wrapper.framework; name = MobileCoreServices.framework; path = System/Library/Frameworks/MobileCoreServices.framework; sourceTree = SDKROOT; };
		A0A0372016D04C74004FD29E /* fancy.png */ = {isa = PBXFileReference; lastKnownFileType = image.png; path = fancy.png; sourceTree = "<group>"; };
		A0A0372216D04C7C004FD29E /* fancy@2X.png */ = {isa = PBXFileReference; lastKnownFileType = image.png; path = "fancy@2X.png"; sourceTree = "<group>"; };
		A0A0373316D05C7D004FD29E /* Tag.h */ = {isa = PBXFileReference; fileEncoding = 4; lastKnownFileType = sourcecode.c.h; name = Tag.h; path = Model/Tag.h; sourceTree = "<group>"; };
		A0A0373416D05C7D004FD29E /* Tag.m */ = {isa = PBXFileReference; fileEncoding = 4; lastKnownFileType = sourcecode.c.objc; name = Tag.m; path = Model/Tag.m; sourceTree = "<group>"; };
		A0A0373616D05C7F004FD29E /* Events.h */ = {isa = PBXFileReference; fileEncoding = 4; lastKnownFileType = sourcecode.c.h; name = Events.h; path = Model/Events.h; sourceTree = "<group>"; };
		A0A0373716D05C7F004FD29E /* Events.m */ = {isa = PBXFileReference; fileEncoding = 4; lastKnownFileType = sourcecode.c.objc; name = Events.m; path = Model/Events.m; sourceTree = "<group>"; };
		A0A0373916D05C7F004FD29E /* PhotoBlob.h */ = {isa = PBXFileReference; fileEncoding = 4; lastKnownFileType = sourcecode.c.h; name = PhotoBlob.h; path = Model/PhotoBlob.h; sourceTree = "<group>"; };
		A0A0373A16D05C7F004FD29E /* PhotoBlob.m */ = {isa = PBXFileReference; fileEncoding = 4; lastKnownFileType = sourcecode.c.objc; name = PhotoBlob.m; path = Model/PhotoBlob.m; sourceTree = "<group>"; };
		A0A0374416D071FF004FD29E /* README */ = {isa = PBXFileReference; fileEncoding = 4; lastKnownFileType = text; name = README; path = ThirdParty/README; sourceTree = "<group>"; };
		A0A0374D16D0728B004FD29E /* SVProgressHUD.bundle */ = {isa = PBXFileReference; lastKnownFileType = "wrapper.plug-in"; path = SVProgressHUD.bundle; sourceTree = "<group>"; };
		A0A0374E16D0728B004FD29E /* SVProgressHUD.h */ = {isa = PBXFileReference; fileEncoding = 4; lastKnownFileType = sourcecode.c.h; path = SVProgressHUD.h; sourceTree = "<group>"; };
		A0A0374F16D0728B004FD29E /* SVProgressHUD.m */ = {isa = PBXFileReference; fileEncoding = 4; lastKnownFileType = sourcecode.c.objc; path = SVProgressHUD.m; sourceTree = "<group>"; };
		A0A0375216D07448004FD29E /* QuartzCore.framework */ = {isa = PBXFileReference; lastKnownFileType = wrapper.framework; name = QuartzCore.framework; path = System/Library/Frameworks/QuartzCore.framework; sourceTree = SDKROOT; };
		A0A0375816D0A10E004FD29E /* HomeViewController.m */ = {isa = PBXFileReference; fileEncoding = 4; lastKnownFileType = sourcecode.c.objc; path = HomeViewController.m; sourceTree = "<group>"; };
		A0E852BC16AF063100976786 /* location.png */ = {isa = PBXFileReference; lastKnownFileType = image.png; path = location.png; sourceTree = "<group>"; };
		A0E852BD16AF063100976786 /* location@2x.png */ = {isa = PBXFileReference; lastKnownFileType = image.png; path = "location@2x.png"; sourceTree = "<group>"; };
		A0E852C116AF088E00976786 /* photo_frame.png */ = {isa = PBXFileReference; lastKnownFileType = image.png; path = photo_frame.png; sourceTree = "<group>"; };
		A0E852C216AF088E00976786 /* photo_frame@2x.png */ = {isa = PBXFileReference; lastKnownFileType = image.png; path = "photo_frame@2x.png"; sourceTree = "<group>"; };
		A0E852C516AF101F00976786 /* FoodieDetailViewController.h */ = {isa = PBXFileReference; fileEncoding = 4; lastKnownFileType = sourcecode.c.h; path = FoodieDetailViewController.h; sourceTree = "<group>"; };
		A0E852C616AF101F00976786 /* FoodieDetailViewController.m */ = {isa = PBXFileReference; fileEncoding = 4; lastKnownFileType = sourcecode.c.objc; path = FoodieDetailViewController.m; sourceTree = "<group>"; };
		A0E852C916AF20C300976786 /* creme_brelee.jpg */ = {isa = PBXFileReference; lastKnownFileType = image.jpeg; path = creme_brelee.jpg; sourceTree = "<group>"; };
		A0E852CB16AF2A1900976786 /* Event.h */ = {isa = PBXFileReference; fileEncoding = 4; lastKnownFileType = sourcecode.c.h; path = Event.h; sourceTree = "<group>"; };
		A0E852CC16AF2A1900976786 /* Event.m */ = {isa = PBXFileReference; fileEncoding = 4; lastKnownFileType = sourcecode.c.objc; path = Event.m; sourceTree = "<group>"; };
		A0E852CE16AF350300976786 /* Configs.h */ = {isa = PBXFileReference; fileEncoding = 4; lastKnownFileType = sourcecode.c.h; name = Configs.h; path = Model/Configs.h; sourceTree = "<group>"; };
		A0E852CF16AF350300976786 /* Configs.m */ = {isa = PBXFileReference; fileEncoding = 4; lastKnownFileType = sourcecode.c.objc; name = Configs.m; path = Model/Configs.m; sourceTree = "<group>"; };
		A0E852D216AF386900976786 /* SettingsViewController.h */ = {isa = PBXFileReference; fileEncoding = 4; lastKnownFileType = sourcecode.c.h; path = SettingsViewController.h; sourceTree = "<group>"; };
		A0E852D316AF386900976786 /* SettingsViewController.m */ = {isa = PBXFileReference; fileEncoding = 4; lastKnownFileType = sourcecode.c.objc; path = SettingsViewController.m; sourceTree = "<group>"; };
		A0E852DB16AF44A100976786 /* cell_bottom.png */ = {isa = PBXFileReference; lastKnownFileType = image.png; path = cell_bottom.png; sourceTree = "<group>"; };
		A0E852DC16AF44A100976786 /* cell_bottom@2x.png */ = {isa = PBXFileReference; lastKnownFileType = image.png; path = "cell_bottom@2x.png"; sourceTree = "<group>"; };
		A0E852DD16AF44A100976786 /* cell_middle.png */ = {isa = PBXFileReference; lastKnownFileType = image.png; path = cell_middle.png; sourceTree = "<group>"; };
		A0E852DE16AF44A100976786 /* cell_middle@2x.png */ = {isa = PBXFileReference; lastKnownFileType = image.png; path = "cell_middle@2x.png"; sourceTree = "<group>"; };
		A0E852DF16AF44A100976786 /* cell_top_tile.png */ = {isa = PBXFileReference; lastKnownFileType = image.png; path = cell_top_tile.png; sourceTree = "<group>"; };
		A0E852E016AF44A100976786 /* cell_top.png */ = {isa = PBXFileReference; lastKnownFileType = image.png; path = cell_top.png; sourceTree = "<group>"; };
		A0E852E116AF44A100976786 /* cell_top@2x.png */ = {isa = PBXFileReference; lastKnownFileType = image.png; path = "cell_top@2x.png"; sourceTree = "<group>"; };
		A0E852E216AF44A100976786 /* common_bg.png */ = {isa = PBXFileReference; lastKnownFileType = image.png; path = common_bg.png; sourceTree = "<group>"; };
		A0E852E316AF44A100976786 /* common_bg@2x.png */ = {isa = PBXFileReference; lastKnownFileType = image.png; path = "common_bg@2x.png"; sourceTree = "<group>"; };
		A0E852ED16AF4D9100976786 /* MapKit.framework */ = {isa = PBXFileReference; lastKnownFileType = wrapper.framework; name = MapKit.framework; path = System/Library/Frameworks/MapKit.framework; sourceTree = SDKROOT; };
		A0E852EF16AF4EA200976786 /* SearchViewController.h */ = {isa = PBXFileReference; fileEncoding = 4; lastKnownFileType = sourcecode.c.h; path = SearchViewController.h; sourceTree = "<group>"; };
		A0E852F016AF4EA300976786 /* SearchViewController.m */ = {isa = PBXFileReference; fileEncoding = 4; lastKnownFileType = sourcecode.c.objc; path = SearchViewController.m; sourceTree = "<group>"; };
/* End PBXFileReference section */

/* Begin PBXFrameworksBuildPhase section */
		A093F19616A7FEFC00EFF4BD /* Frameworks */ = {
			isa = PBXFrameworksBuildPhase;
			buildActionMask = 2147483647;
			files = (
				A0A0375316D07448004FD29E /* QuartzCore.framework in Frameworks */,
				A0E852EE16AF4D9200976786 /* MapKit.framework in Frameworks */,
				A08D751816AB529400AD22B7 /* AssetsLibrary.framework in Frameworks */,
				A093F1E516A8A54600EFF4BD /* MobileCoreServices.framework in Frameworks */,
				A093F1E316A810CA00EFF4BD /* CoreLocation.framework in Frameworks */,
				A093F1E116A810C400EFF4BD /* CoreData.framework in Frameworks */,
				A093F19E16A7FEFC00EFF4BD /* UIKit.framework in Frameworks */,
				A093F1A016A7FEFC00EFF4BD /* Foundation.framework in Frameworks */,
				A093F1A216A7FEFC00EFF4BD /* CoreGraphics.framework in Frameworks */,
			);
			runOnlyForDeploymentPostprocessing = 0;
		};
/* End PBXFrameworksBuildPhase section */

/* Begin PBXGroup section */
		A091648916ABCC01009FBF5F /* Util */ = {
			isa = PBXGroup;
			children = (
				A091648B16ABCC73009FBF5F /* ALAssetsLibrary+CustomPhotoAlbum.h */,
				A091648C16ABCC73009FBF5F /* ALAssetsLibrary+CustomPhotoAlbum.m */,
				A09164A416AC85CD009FBF5F /* Utility.h */,
			);
			name = Util;
			sourceTree = "<group>";
		};
		A091649116AC8116009FBF5F /* Resources */ = {
			isa = PBXGroup;
			children = (
				A0E852DB16AF44A100976786 /* cell_bottom.png */,
				A0E852DC16AF44A100976786 /* cell_bottom@2x.png */,
				A0E852DD16AF44A100976786 /* cell_middle.png */,
				A0E852DE16AF44A100976786 /* cell_middle@2x.png */,
				A0E852DF16AF44A100976786 /* cell_top_tile.png */,
				A0E852E016AF44A100976786 /* cell_top.png */,
				A0E852E116AF44A100976786 /* cell_top@2x.png */,
				A0E852E216AF44A100976786 /* common_bg.png */,
				A0E852E316AF44A100976786 /* common_bg@2x.png */,
				A0E852C816AF20A700976786 /* test */,
				A0E852C116AF088E00976786 /* photo_frame.png */,
				A0E852C216AF088E00976786 /* photo_frame@2x.png */,
				A0E852BC16AF063100976786 /* location.png */,
				A0E852BD16AF063100976786 /* location@2x.png */,
				A09164AB16AC9305009FBF5F /* search.png */,
				A09164AC16AC9305009FBF5F /* search@2x.png */,
				A09164A716AC8FBB009FBF5F /* tabbar_selection.png */,
				A09164A816AC8FBB009FBF5F /* tabbar_bg.png */,
				A09164A216AC83C2009FBF5F /* foodielist@2x.png */,
				A091649E16AC82BE009FBF5F /* foodielist.png */,
				A091649216AC81FD009FBF5F /* settings.png */,
				A091649316AC81FD009FBF5F /* setttings@2x.png */,
				A091649416AC81FD009FBF5F /* statistics.png */,
				A091649516AC81FD009FBF5F /* statistics@2x.png */,
				A091649616AC81FD009FBF5F /* home.png */,
				A091649716AC81FD009FBF5F /* home@2x.png */,
			);
			name = Resources;
			sourceTree = "<group>";
		};
		A093F18E16A7FEFC00EFF4BD = {
			isa = PBXGroup;
			children = (
				A0A0372216D04C7C004FD29E /* fancy@2X.png */,
				A0A0372016D04C74004FD29E /* fancy.png */,
				A093F1DA16A80FCF00EFF4BD /* fancyModel.xcdatamodeld */,
				A093F1A316A7FEFC00EFF4BD /* fancy */,
				A093F19C16A7FEFC00EFF4BD /* Frameworks */,
				A093F19A16A7FEFC00EFF4BD /* Products */,
			);
			sourceTree = "<group>";
		};
		A093F19A16A7FEFC00EFF4BD /* Products */ = {
			isa = PBXGroup;
			children = (
				A093F19916A7FEFC00EFF4BD /* Fancy.app */,
			);
			name = Products;
			sourceTree = "<group>";
		};
		A093F19C16A7FEFC00EFF4BD /* Frameworks */ = {
			isa = PBXGroup;
			children = (
				A0A0375216D07448004FD29E /* QuartzCore.framework */,
				A0E852ED16AF4D9100976786 /* MapKit.framework */,
				A08D751716AB529400AD22B7 /* AssetsLibrary.framework */,
				A093F1E416A8A54600EFF4BD /* MobileCoreServices.framework */,
				A093F1E216A810CA00EFF4BD /* CoreLocation.framework */,
				A093F1E016A810C400EFF4BD /* CoreData.framework */,
				A093F19D16A7FEFC00EFF4BD /* UIKit.framework */,
				A093F19F16A7FEFC00EFF4BD /* Foundation.framework */,
				A093F1A116A7FEFC00EFF4BD /* CoreGraphics.framework */,
			);
			name = Frameworks;
			sourceTree = "<group>";
		};
		A093F1A316A7FEFC00EFF4BD /* fancy */ = {
			isa = PBXGroup;
			children = (
				A0A0375816D0A10E004FD29E /* HomeViewController.m */,
				A0A0373C16D06FEF004FD29E /* ThirdParty */,
				A0E852D116AF351100976786 /* Model */,
				A091649116AC8116009FBF5F /* Resources */,
				A091648916ABCC01009FBF5F /* Util */,
				A093F1D716A80B0200EFF4BD /* HomeViewController.h */,
				A0E852CB16AF2A1900976786 /* Event.h */,
				A0E852CC16AF2A1900976786 /* Event.m */,
				A091648E16AC6563009FBF5F /* FoodieListViewController.h */,
				A091648F16AC6563009FBF5F /* FoodieListViewController.m */,
				A093F1AC16A7FEFC00EFF4BD /* AppDelegate.h */,
				A093F1AD16A7FEFC00EFF4BD /* AppDelegate.m */,
				A093F1B516A7FEFC00EFF4BD /* MainStoryboard.storyboard */,
				A093F1B816A7FEFC00EFF4BD /* FirstViewController.h */,
				A093F1B916A7FEFC00EFF4BD /* FirstViewController.m */,
				A093F1BB16A7FEFC00EFF4BD /* first.png */,
				A093F1BD16A7FEFC00EFF4BD /* first@2x.png */,
				A093F1BF16A7FEFC00EFF4BD /* SecondViewController.h */,
				A093F1C016A7FEFC00EFF4BD /* SecondViewController.m */,
				A093F1C216A7FEFC00EFF4BD /* second.png */,
				A093F1C416A7FEFC00EFF4BD /* second@2x.png */,
				A093F1A416A7FEFC00EFF4BD /* Supporting Files */,
				A08D750D16AB138E00AD22B7 /* SharingActivity.h */,
				A08D750E16AB138E00AD22B7 /* SharingActivity.m */,
				A09164AF16ACAA64009FBF5F /* FoodieListCell.h */,
				A09164B016ACAA64009FBF5F /* FoodieListCell.m */,
				A0E852C516AF101F00976786 /* FoodieDetailViewController.h */,
				A0E852C616AF101F00976786 /* FoodieDetailViewController.m */,
				A0E852D216AF386900976786 /* SettingsViewController.h */,
				A0E852D316AF386900976786 /* SettingsViewController.m */,
				A0E852EF16AF4EA200976786 /* SearchViewController.h */,
				A0E852F016AF4EA300976786 /* SearchViewController.m */,
			);
			path = fancy;
			sourceTree = "<group>";
		};
		A093F1A416A7FEFC00EFF4BD /* Supporting Files */ = {
			isa = PBXGroup;
			children = (
				A093F1A516A7FEFC00EFF4BD /* fancy-Info.plist */,
				A093F1A616A7FEFC00EFF4BD /* InfoPlist.strings */,
				A093F1A916A7FEFC00EFF4BD /* main.m */,
				A093F1AB16A7FEFC00EFF4BD /* fancy-Prefix.pch */,
				A093F1AF16A7FEFC00EFF4BD /* Default.png */,
				A093F1B116A7FEFC00EFF4BD /* Default@2x.png */,
				A093F1B316A7FEFC00EFF4BD /* Default-568h@2x.png */,
			);
			name = "Supporting Files";
			sourceTree = "<group>";
		};
		A0A0373C16D06FEF004FD29E /* ThirdParty */ = {
			isa = PBXGroup;
			children = (
				A0A0374C16D0728B004FD29E /* SVProgressHUD */,
				A0A0374416D071FF004FD29E /* README */,
			);
			name = ThirdParty;
			sourceTree = "<group>";
		};
		A0A0374C16D0728B004FD29E /* SVProgressHUD */ = {
			isa = PBXGroup;
			children = (
				A0A0374D16D0728B004FD29E /* SVProgressHUD.bundle */,
				A0A0374E16D0728B004FD29E /* SVProgressHUD.h */,
				A0A0374F16D0728B004FD29E /* SVProgressHUD.m */,
			);
			name = SVProgressHUD;
			path = ThirdParty/SVProgressHUD;
			sourceTree = "<group>";
		};
		A0E852C816AF20A700976786 /* test */ = {
			isa = PBXGroup;
			children = (
				A0E852C916AF20C300976786 /* creme_brelee.jpg */,
			);
			name = test;
			sourceTree = "<group>";
		};
		A0E852D116AF351100976786 /* Model */ = {
			isa = PBXGroup;
			children = (
				A0A0373916D05C7F004FD29E /* PhotoBlob.h */,
				A0A0373A16D05C7F004FD29E /* PhotoBlob.m */,
				A0A0373616D05C7F004FD29E /* Events.h */,
				A0A0373716D05C7F004FD29E /* Events.m */,
				A0A0373316D05C7D004FD29E /* Tag.h */,
				A0A0373416D05C7D004FD29E /* Tag.m */,
				A0E852CE16AF350300976786 /* Configs.h */,
				A0E852CF16AF350300976786 /* Configs.m */,
			);
			name = Model;
			sourceTree = "<group>";
		};
/* End PBXGroup section */

/* Begin PBXNativeTarget section */
		A093F19816A7FEFC00EFF4BD /* Fancy */ = {
			isa = PBXNativeTarget;
			buildConfigurationList = A093F1C816A7FEFC00EFF4BD /* Build configuration list for PBXNativeTarget "Fancy" */;
			buildPhases = (
				A093F19516A7FEFC00EFF4BD /* Sources */,
				A093F19616A7FEFC00EFF4BD /* Frameworks */,
				A093F19716A7FEFC00EFF4BD /* Resources */,
			);
			buildRules = (
			);
			dependencies = (
			);
			name = Fancy;
			productName = fancy;
			productReference = A093F19916A7FEFC00EFF4BD /* Fancy.app */;
			productType = "com.apple.product-type.application";
		};
/* End PBXNativeTarget section */

/* Begin PBXProject section */
		A093F19016A7FEFC00EFF4BD /* Project object */ = {
			isa = PBXProject;
			attributes = {
				LastUpgradeCheck = 0450;
				ORGANIZATIONNAME = "Xinjiang Shao";
			};
			buildConfigurationList = A093F19316A7FEFC00EFF4BD /* Build configuration list for PBXProject "fancy" */;
			compatibilityVersion = "Xcode 3.2";
			developmentRegion = English;
			hasScannedForEncodings = 0;
			knownRegions = (
				en,
			);
			mainGroup = A093F18E16A7FEFC00EFF4BD;
			productRefGroup = A093F19A16A7FEFC00EFF4BD /* Products */;
			projectDirPath = "";
			projectRoot = "";
			targets = (
				A093F19816A7FEFC00EFF4BD /* Fancy */,
			);
		};
/* End PBXProject section */

/* Begin PBXResourcesBuildPhase section */
		A093F19716A7FEFC00EFF4BD /* Resources */ = {
			isa = PBXResourcesBuildPhase;
			buildActionMask = 2147483647;
			files = (
				A093F1A816A7FEFC00EFF4BD /* InfoPlist.strings in Resources */,
				A093F1B016A7FEFC00EFF4BD /* Default.png in Resources */,
				A093F1B216A7FEFC00EFF4BD /* Default@2x.png in Resources */,
				A093F1B416A7FEFC00EFF4BD /* Default-568h@2x.png in Resources */,
				A093F1B716A7FEFC00EFF4BD /* MainStoryboard.storyboard in Resources */,
				A093F1BC16A7FEFC00EFF4BD /* first.png in Resources */,
				A093F1BE16A7FEFC00EFF4BD /* first@2x.png in Resources */,
				A093F1C316A7FEFC00EFF4BD /* second.png in Resources */,
				A093F1C516A7FEFC00EFF4BD /* second@2x.png in Resources */,
				A091649816AC81FD009FBF5F /* settings.png in Resources */,
				A091649916AC81FD009FBF5F /* setttings@2x.png in Resources */,
				A091649A16AC81FD009FBF5F /* statistics.png in Resources */,
				A091649B16AC81FD009FBF5F /* statistics@2x.png in Resources */,
				A091649C16AC81FD009FBF5F /* home.png in Resources */,
				A091649D16AC81FD009FBF5F /* home@2x.png in Resources */,
				A09164A016AC82BE009FBF5F /* foodielist.png in Resources */,
				A09164A316AC83C2009FBF5F /* foodielist@2x.png in Resources */,
				A09164A916AC8FBB009FBF5F /* tabbar_selection.png in Resources */,
				A09164AA16AC8FBB009FBF5F /* tabbar_bg.png in Resources */,
				A09164AD16AC9306009FBF5F /* search.png in Resources */,
				A09164AE16AC9306009FBF5F /* search@2x.png in Resources */,
				A0E852BE16AF063100976786 /* location.png in Resources */,
				A0E852BF16AF063100976786 /* location@2x.png in Resources */,
				A0E852C316AF088E00976786 /* photo_frame.png in Resources */,
				A0E852C416AF088E00976786 /* photo_frame@2x.png in Resources */,
				A0E852CA16AF20C300976786 /* creme_brelee.jpg in Resources */,
				A0E852E416AF44A100976786 /* cell_bottom.png in Resources */,
				A0E852E516AF44A100976786 /* cell_bottom@2x.png in Resources */,
				A0E852E616AF44A100976786 /* cell_middle.png in Resources */,
				A0E852E716AF44A100976786 /* cell_middle@2x.png in Resources */,
				A0E852E816AF44A100976786 /* cell_top_tile.png in Resources */,
				A0E852E916AF44A100976786 /* cell_top.png in Resources */,
				A0E852EA16AF44A100976786 /* cell_top@2x.png in Resources */,
				A0E852EB16AF44A100976786 /* common_bg.png in Resources */,
				A0E852EC16AF44A100976786 /* common_bg@2x.png in Resources */,
				A0A0372116D04C74004FD29E /* fancy.png in Resources */,
				A0A0372316D04C7C004FD29E /* fancy@2X.png in Resources */,
				A0A0374516D071FF004FD29E /* README in Resources */,
				A0A0375016D0728B004FD29E /* SVProgressHUD.bundle in Resources */,
			);
			runOnlyForDeploymentPostprocessing = 0;
		};
/* End PBXResourcesBuildPhase section */

/* Begin PBXSourcesBuildPhase section */
		A093F19516A7FEFC00EFF4BD /* Sources */ = {
			isa = PBXSourcesBuildPhase;
			buildActionMask = 2147483647;
			files = (
				A093F1AA16A7FEFC00EFF4BD /* main.m in Sources */,
				A093F1AE16A7FEFC00EFF4BD /* AppDelegate.m in Sources */,
				A093F1BA16A7FEFC00EFF4BD /* FirstViewController.m in Sources */,
				A093F1C116A7FEFC00EFF4BD /* SecondViewController.m in Sources */,
				A093F1DC16A80FCF00EFF4BD /* fancyModel.xcdatamodeld in Sources */,
				A08D750F16AB138E00AD22B7 /* SharingActivity.m in Sources */,
				A091648D16ABCC73009FBF5F /* ALAssetsLibrary+CustomPhotoAlbum.m in Sources */,
				A091649016AC6563009FBF5F /* FoodieListViewController.m in Sources */,
				A09164B116ACAA65009FBF5F /* FoodieListCell.m in Sources */,
				A0E852C716AF101F00976786 /* FoodieDetailViewController.m in Sources */,
				A0E852CD16AF2A1900976786 /* Event.m in Sources */,
				A0E852D016AF350400976786 /* Configs.m in Sources */,
				A0E852D416AF386A00976786 /* SettingsViewController.m in Sources */,
				A0E852F116AF4EA400976786 /* SearchViewController.m in Sources */,
				A0A0373516D05C7D004FD29E /* Tag.m in Sources */,
				A0A0373816D05C7F004FD29E /* Events.m in Sources */,
				A0A0373B16D05C7F004FD29E /* PhotoBlob.m in Sources */,
				A0A0375116D0728B004FD29E /* SVProgressHUD.m in Sources */,
				A0A0375916D0A10E004FD29E /* HomeViewController.m in Sources */,
			);
			runOnlyForDeploymentPostprocessing = 0;
		};
/* End PBXSourcesBuildPhase section */

/* Begin PBXVariantGroup section */
		A093F1A616A7FEFC00EFF4BD /* InfoPlist.strings */ = {
			isa = PBXVariantGroup;
			children = (
				A093F1A716A7FEFC00EFF4BD /* en */,
			);
			name = InfoPlist.strings;
			sourceTree = "<group>";
		};
		A093F1B516A7FEFC00EFF4BD /* MainStoryboard.storyboard */ = {
			isa = PBXVariantGroup;
			children = (
				A093F1B616A7FEFC00EFF4BD /* en */,
			);
			name = MainStoryboard.storyboard;
			sourceTree = "<group>";
		};
/* End PBXVariantGroup section */

/* Begin XCBuildConfiguration section */
		A093F1C616A7FEFC00EFF4BD /* Debug */ = {
			isa = XCBuildConfiguration;
			buildSettings = {
				ALWAYS_SEARCH_USER_PATHS = NO;
				CLANG_CXX_LANGUAGE_STANDARD = "gnu++0x";
				CLANG_CXX_LIBRARY = "libc++";
				CLANG_ENABLE_OBJC_ARC = YES;
				CLANG_WARN_EMPTY_BODY = YES;
				CLANG_WARN__DUPLICATE_METHOD_MATCH = YES;
				"CODE_SIGN_IDENTITY[sdk=iphoneos*]" = "iPhone Developer";
				COPY_PHASE_STRIP = NO;
				GCC_C_LANGUAGE_STANDARD = gnu99;
				GCC_DYNAMIC_NO_PIC = NO;
				GCC_OPTIMIZATION_LEVEL = 0;
				GCC_PREPROCESSOR_DEFINITIONS = (
					"DEBUG=1",
					"$(inherited)",
				);
				GCC_SYMBOLS_PRIVATE_EXTERN = NO;
				GCC_WARN_ABOUT_RETURN_TYPE = YES;
				GCC_WARN_UNINITIALIZED_AUTOS = YES;
				GCC_WARN_UNUSED_VARIABLE = YES;
				IPHONEOS_DEPLOYMENT_TARGET = 6.0;
				ONLY_ACTIVE_ARCH = YES;
				SDKROOT = iphoneos;
			};
			name = Debug;
		};
		A093F1C716A7FEFC00EFF4BD /* Release */ = {
			isa = XCBuildConfiguration;
			buildSettings = {
				ALWAYS_SEARCH_USER_PATHS = NO;
				CLANG_CXX_LANGUAGE_STANDARD = "gnu++0x";
				CLANG_CXX_LIBRARY = "libc++";
				CLANG_ENABLE_OBJC_ARC = YES;
				CLANG_WARN_EMPTY_BODY = YES;
				CLANG_WARN__DUPLICATE_METHOD_MATCH = YES;
				"CODE_SIGN_IDENTITY[sdk=iphoneos*]" = "iPhone Developer";
				COPY_PHASE_STRIP = YES;
				GCC_C_LANGUAGE_STANDARD = gnu99;
				GCC_WARN_ABOUT_RETURN_TYPE = YES;
				GCC_WARN_UNINITIALIZED_AUTOS = YES;
				GCC_WARN_UNUSED_VARIABLE = YES;
				IPHONEOS_DEPLOYMENT_TARGET = 6.0;
				OTHER_CFLAGS = "-DNS_BLOCK_ASSERTIONS=1";
				SDKROOT = iphoneos;
				VALIDATE_PRODUCT = YES;
			};
			name = Release;
		};
		A093F1C916A7FEFC00EFF4BD /* Debug */ = {
			isa = XCBuildConfiguration;
			buildSettings = {
				GCC_PRECOMPILE_PREFIX_HEADER = YES;
				GCC_PREFIX_HEADER = "fancy/fancy-Prefix.pch";
				INFOPLIST_FILE = "fancy/fancy-Info.plist";
				PRODUCT_NAME = "$(TARGET_NAME)";
				VERSIONING_SYSTEM = "";
				VERSION_INFO_BUILDER = "Xinjiang Shao";
				WRAPPER_EXTENSION = app;
			};
			name = Debug;
		};
		A093F1CA16A7FEFC00EFF4BD /* Release */ = {
			isa = XCBuildConfiguration;
			buildSettings = {
				GCC_PRECOMPILE_PREFIX_HEADER = YES;
				GCC_PREFIX_HEADER = "fancy/fancy-Prefix.pch";
				INFOPLIST_FILE = "fancy/fancy-Info.plist";
				PRODUCT_NAME = "$(TARGET_NAME)";
				VERSIONING_SYSTEM = "";
				VERSION_INFO_BUILDER = "Xinjiang Shao";
				WRAPPER_EXTENSION = app;
			};
			name = Release;
		};
/* End XCBuildConfiguration section */

/* Begin XCConfigurationList section */
		A093F19316A7FEFC00EFF4BD /* Build configuration list for PBXProject "fancy" */ = {
			isa = XCConfigurationList;
			buildConfigurations = (
				A093F1C616A7FEFC00EFF4BD /* Debug */,
				A093F1C716A7FEFC00EFF4BD /* Release */,
			);
			defaultConfigurationIsVisible = 0;
			defaultConfigurationName = Release;
		};
		A093F1C816A7FEFC00EFF4BD /* Build configuration list for PBXNativeTarget "Fancy" */ = {
			isa = XCConfigurationList;
			buildConfigurations = (
				A093F1C916A7FEFC00EFF4BD /* Debug */,
				A093F1CA16A7FEFC00EFF4BD /* Release */,
			);
			defaultConfigurationIsVisible = 0;
			defaultConfigurationName = Release;
		};
/* End XCConfigurationList section */

/* Begin XCVersionGroup section */
		A093F1DA16A80FCF00EFF4BD /* fancyModel.xcdatamodeld */ = {
			isa = XCVersionGroup;
			children = (
				A093F1DB16A80FCF00EFF4BD /* fancyModel.xcdatamodel */,
			);
			currentVersion = A093F1DB16A80FCF00EFF4BD /* fancyModel.xcdatamodel */;
			name = fancyModel.xcdatamodeld;
			path = fancy/fancyModel.xcdatamodeld;
			sourceTree = "<group>";
			versionGroupType = wrapper.xcdatamodel;
		};
/* End XCVersionGroup section */
	};
	rootObject = A093F19016A7FEFC00EFF4BD /* Project object */;
}
